// !$*UTF8*$!
{
	archiveVersion = 1;
	classes = {
	};
	objectVersion = 46;
	objects = {

/* Begin PBXBuildFile section */
		9258F4721E24CF34000F2007 /* main.m in Sources */ = {isa = PBXBuildFile; fileRef = 9258F4711E24CF34000F2007 /* main.m */; };
		9258F4751E24CF34000F2007 /* AppDelegate.m in Sources */ = {isa = PBXBuildFile; fileRef = 9258F4741E24CF34000F2007 /* AppDelegate.m */; };
		9258F4781E24CF34000F2007 /* ViewController.m in Sources */ = {isa = PBXBuildFile; fileRef = 9258F4771E24CF34000F2007 /* ViewController.m */; };
		9258F47D1E24CF34000F2007 /* Assets.xcassets in Resources */ = {isa = PBXBuildFile; fileRef = 9258F47C1E24CF34000F2007 /* Assets.xcassets */; };
		9258F4801E24CF34000F2007 /* LaunchScreen.storyboard in Resources */ = {isa = PBXBuildFile; fileRef = 9258F47E1E24CF34000F2007 /* LaunchScreen.storyboard */; };
		929341D61E8E3D0000ED6378 /* PhotoManagement.podspec in Resources */ = {isa = PBXBuildFile; fileRef = 929341D51E8E3D0000ED6378 /* PhotoManagement.podspec */; };
		929341F51E8E3DD800ED6378 /* OMABaseViewController.m in Sources */ = {isa = PBXBuildFile; fileRef = 929341DA1E8E3DD800ED6378 /* OMABaseViewController.m */; };
		929341F61E8E3DD800ED6378 /* TJLPhotoManageTypes.m in Sources */ = {isa = PBXBuildFile; fileRef = 929341DC1E8E3DD800ED6378 /* TJLPhotoManageTypes.m */; };
		929341F71E8E3DD800ED6378 /* UIColor+Hex.m in Sources */ = {isa = PBXBuildFile; fileRef = 929341DE1E8E3DD800ED6378 /* UIColor+Hex.m */; };
		929341F81E8E3DD800ED6378 /* TJLActionSheet.bundle in Resources */ = {isa = PBXBuildFile; fileRef = 929341E01E8E3DD800ED6378 /* TJLActionSheet.bundle */; };
		929341F91E8E3DD800ED6378 /* TJLActionSheet.m in Sources */ = {isa = PBXBuildFile; fileRef = 929341E21E8E3DD800ED6378 /* TJLActionSheet.m */; };
		929341FA1E8E3DD800ED6378 /* TJLAlbumCell.m in Sources */ = {isa = PBXBuildFile; fileRef = 929341E41E8E3DD800ED6378 /* TJLAlbumCell.m */; };
		929341FB1E8E3DD800ED6378 /* TJLAlbumCell.xib in Resources */ = {isa = PBXBuildFile; fileRef = 929341E51E8E3DD800ED6378 /* TJLAlbumCell.xib */; };
		929341FC1E8E3DD800ED6378 /* TJLAlbumsViewController.m in Sources */ = {isa = PBXBuildFile; fileRef = 929341E71E8E3DD800ED6378 /* TJLAlbumsViewController.m */; };
		929341FD1E8E3DD800ED6378 /* TJLBottomEditView.m in Sources */ = {isa = PBXBuildFile; fileRef = 929341E91E8E3DD800ED6378 /* TJLBottomEditView.m */; };
		929341FE1E8E3DD800ED6378 /* TJLCameraViewController.m in Sources */ = {isa = PBXBuildFile; fileRef = 929341EB1E8E3DD800ED6378 /* TJLCameraViewController.m */; };
		929341FF1E8E3DD800ED6378 /* TJLGridCollectionCell.m in Sources */ = {isa = PBXBuildFile; fileRef = 929341ED1E8E3DD800ED6378 /* TJLGridCollectionCell.m */; };
		929342001E8E3DD800ED6378 /* TJLGridCollectionCell.xib in Resources */ = {isa = PBXBuildFile; fileRef = 929341EE1E8E3DD800ED6378 /* TJLGridCollectionCell.xib */; };
		929342011E8E3DD800ED6378 /* TJLGridViewController.m in Sources */ = {isa = PBXBuildFile; fileRef = 929341F01E8E3DD800ED6378 /* TJLGridViewController.m */; };
		929342021E8E3DD800ED6378 /* TJLImagePickerController.m in Sources */ = {isa = PBXBuildFile; fileRef = 929341F21E8E3DD800ED6378 /* TJLImagePickerController.m */; };
		929342031E8E3DD800ED6378 /* TJLPreviewViewController.m in Sources */ = {isa = PBXBuildFile; fileRef = 929341F41E8E3DD800ED6378 /* TJLPreviewViewController.m */; };
		929342061E8E3E5200ED6378 /* ass.bundle in Resources */ = {isa = PBXBuildFile; fileRef = 929342051E8E3E5200ED6378 /* ass.bundle */; };
/* End PBXBuildFile section */

/* Begin PBXFileReference section */
		9258F46D1E24CF34000F2007 /* PhotoManagement.app */ = {isa = PBXFileReference; explicitFileType = wrapper.application; includeInIndex = 0; path = PhotoManagement.app; sourceTree = BUILT_PRODUCTS_DIR; };
		9258F4711E24CF34000F2007 /* main.m */ = {isa = PBXFileReference; lastKnownFileType = sourcecode.c.objc; path = main.m; sourceTree = "<group>"; };
		9258F4731E24CF34000F2007 /* AppDelegate.h */ = {isa = PBXFileReference; lastKnownFileType = sourcecode.c.h; path = AppDelegate.h; sourceTree = "<group>"; };
		9258F4741E24CF34000F2007 /* AppDelegate.m */ = {isa = PBXFileReference; lastKnownFileType = sourcecode.c.objc; path = AppDelegate.m; sourceTree = "<group>"; };
		9258F4761E24CF34000F2007 /* ViewController.h */ = {isa = PBXFileReference; lastKnownFileType = sourcecode.c.h; path = ViewController.h; sourceTree = "<group>"; };
		9258F4771E24CF34000F2007 /* ViewController.m */ = {isa = PBXFileReference; lastKnownFileType = sourcecode.c.objc; path = ViewController.m; sourceTree = "<group>"; };
		9258F47C1E24CF34000F2007 /* Assets.xcassets */ = {isa = PBXFileReference; lastKnownFileType = folder.assetcatalog; path = Assets.xcassets; sourceTree = "<group>"; };
		9258F47F1E24CF34000F2007 /* Base */ = {isa = PBXFileReference; lastKnownFileType = file.storyboard; name = Base; path = Base.lproj/LaunchScreen.storyboard; sourceTree = "<group>"; };
		9258F4811E24CF34000F2007 /* Info.plist */ = {isa = PBXFileReference; lastKnownFileType = text.plist.xml; path = Info.plist; sourceTree = "<group>"; };
		9258F4871E24D4E5000F2007 /* PrefixHeader.pch */ = {isa = PBXFileReference; lastKnownFileType = sourcecode.c.h; path = PrefixHeader.pch; sourceTree = "<group>"; };
		929341D51E8E3D0000ED6378 /* PhotoManagement.podspec */ = {isa = PBXFileReference; explicitFileType = text.script.ruby; fileEncoding = 4; path = PhotoManagement.podspec; sourceTree = "<group>"; };
		929341D91E8E3DD800ED6378 /* OMABaseViewController.h */ = {isa = PBXFileReference; fileEncoding = 4; lastKnownFileType = sourcecode.c.h; path = OMABaseViewController.h; sourceTree = "<group>"; };
		929341DA1E8E3DD800ED6378 /* OMABaseViewController.m */ = {isa = PBXFileReference; fileEncoding = 4; lastKnownFileType = sourcecode.c.objc; path = OMABaseViewController.m; sourceTree = "<group>"; };
		929341DB1E8E3DD800ED6378 /* TJLPhotoManageTypes.h */ = {isa = PBXFileReference; fileEncoding = 4; lastKnownFileType = sourcecode.c.h; path = TJLPhotoManageTypes.h; sourceTree = "<group>"; };
		929341DC1E8E3DD800ED6378 /* TJLPhotoManageTypes.m */ = {isa = PBXFileReference; fileEncoding = 4; lastKnownFileType = sourcecode.c.objc; path = TJLPhotoManageTypes.m; sourceTree = "<group>"; };
		929341DD1E8E3DD800ED6378 /* UIColor+Hex.h */ = {isa = PBXFileReference; fileEncoding = 4; lastKnownFileType = sourcecode.c.h; path = "UIColor+Hex.h"; sourceTree = "<group>"; };
		929341DE1E8E3DD800ED6378 /* UIColor+Hex.m */ = {isa = PBXFileReference; fileEncoding = 4; lastKnownFileType = sourcecode.c.objc; path = "UIColor+Hex.m"; sourceTree = "<group>"; };
		929341E01E8E3DD800ED6378 /* TJLActionSheet.bundle */ = {isa = PBXFileReference; lastKnownFileType = "wrapper.plug-in"; path = TJLActionSheet.bundle; sourceTree = "<group>"; };
		929341E11E8E3DD800ED6378 /* TJLActionSheet.h */ = {isa = PBXFileReference; fileEncoding = 4; lastKnownFileType = sourcecode.c.h; path = TJLActionSheet.h; sourceTree = "<group>"; };
		929341E21E8E3DD800ED6378 /* TJLActionSheet.m */ = {isa = PBXFileReference; fileEncoding = 4; lastKnownFileType = sourcecode.c.objc; path = TJLActionSheet.m; sourceTree = "<group>"; };
		929341E31E8E3DD800ED6378 /* TJLAlbumCell.h */ = {isa = PBXFileReference; fileEncoding = 4; lastKnownFileType = sourcecode.c.h; path = TJLAlbumCell.h; sourceTree = "<group>"; };
		929341E41E8E3DD800ED6378 /* TJLAlbumCell.m */ = {isa = PBXFileReference; fileEncoding = 4; lastKnownFileType = sourcecode.c.objc; path = TJLAlbumCell.m; sourceTree = "<group>"; };
		929341E51E8E3DD800ED6378 /* TJLAlbumCell.xib */ = {isa = PBXFileReference; fileEncoding = 4; lastKnownFileType = file.xib; path = TJLAlbumCell.xib; sourceTree = "<group>"; };
		929341E61E8E3DD800ED6378 /* TJLAlbumsViewController.h */ = {isa = PBXFileReference; fileEncoding = 4; lastKnownFileType = sourcecode.c.h; path = TJLAlbumsViewController.h; sourceTree = "<group>"; };
		929341E71E8E3DD800ED6378 /* TJLAlbumsViewController.m */ = {isa = PBXFileReference; fileEncoding = 4; lastKnownFileType = sourcecode.c.objc; path = TJLAlbumsViewController.m; sourceTree = "<group>"; };
		929341E81E8E3DD800ED6378 /* TJLBottomEditView.h */ = {isa = PBXFileReference; fileEncoding = 4; lastKnownFileType = sourcecode.c.h; path = TJLBottomEditView.h; sourceTree = "<group>"; };
		929341E91E8E3DD800ED6378 /* TJLBottomEditView.m */ = {isa = PBXFileReference; fileEncoding = 4; lastKnownFileType = sourcecode.c.objc; path = TJLBottomEditView.m; sourceTree = "<group>"; };
		929341EA1E8E3DD800ED6378 /* TJLCameraViewController.h */ = {isa = PBXFileReference; fileEncoding = 4; lastKnownFileType = sourcecode.c.h; path = TJLCameraViewController.h; sourceTree = "<group>"; };
		929341EB1E8E3DD800ED6378 /* TJLCameraViewController.m */ = {isa = PBXFileReference; fileEncoding = 4; lastKnownFileType = sourcecode.c.objc; path = TJLCameraViewController.m; sourceTree = "<group>"; };
		929341EC1E8E3DD800ED6378 /* TJLGridCollectionCell.h */ = {isa = PBXFileReference; fileEncoding = 4; lastKnownFileType = sourcecode.c.h; path = TJLGridCollectionCell.h; sourceTree = "<group>"; };
		929341ED1E8E3DD800ED6378 /* TJLGridCollectionCell.m */ = {isa = PBXFileReference; fileEncoding = 4; lastKnownFileType = sourcecode.c.objc; path = TJLGridCollectionCell.m; sourceTree = "<group>"; };
		929341EE1E8E3DD800ED6378 /* TJLGridCollectionCell.xib */ = {isa = PBXFileReference; fileEncoding = 4; lastKnownFileType = file.xib; path = TJLGridCollectionCell.xib; sourceTree = "<group>"; };
		929341EF1E8E3DD800ED6378 /* TJLGridViewController.h */ = {isa = PBXFileReference; fileEncoding = 4; lastKnownFileType = sourcecode.c.h; path = TJLGridViewController.h; sourceTree = "<group>"; };
		929341F01E8E3DD800ED6378 /* TJLGridViewController.m */ = {isa = PBXFileReference; fileEncoding = 4; lastKnownFileType = sourcecode.c.objc; path = TJLGridViewController.m; sourceTree = "<group>"; };
		929341F11E8E3DD800ED6378 /* TJLImagePickerController.h */ = {isa = PBXFileReference; fileEncoding = 4; lastKnownFileType = sourcecode.c.h; path = TJLImagePickerController.h; sourceTree = "<group>"; };
		929341F21E8E3DD800ED6378 /* TJLImagePickerController.m */ = {isa = PBXFileReference; fileEncoding = 4; lastKnownFileType = sourcecode.c.objc; path = TJLImagePickerController.m; sourceTree = "<group>"; };
		929341F31E8E3DD800ED6378 /* TJLPreviewViewController.h */ = {isa = PBXFileReference; fileEncoding = 4; lastKnownFileType = sourcecode.c.h; path = TJLPreviewViewController.h; sourceTree = "<group>"; };
		929341F41E8E3DD800ED6378 /* TJLPreviewViewController.m */ = {isa = PBXFileReference; fileEncoding = 4; lastKnownFileType = sourcecode.c.objc; path = TJLPreviewViewController.m; sourceTree = "<group>"; };
		929342051E8E3E5200ED6378 /* ass.bundle */ = {isa = PBXFileReference; lastKnownFileType = "wrapper.plug-in"; path = ass.bundle; sourceTree = "<group>"; };
/* End PBXFileReference section */

/* Begin PBXFrameworksBuildPhase section */
		9258F46A1E24CF34000F2007 /* Frameworks */ = {
			isa = PBXFrameworksBuildPhase;
			buildActionMask = 2147483647;
			files = (
			);
			runOnlyForDeploymentPostprocessing = 0;
		};
/* End PBXFrameworksBuildPhase section */

/* Begin PBXGroup section */
		9258F4641E24CF34000F2007 = {
			isa = PBXGroup;
			children = (
				929341D51E8E3D0000ED6378 /* PhotoManagement.podspec */,
				9258F46F1E24CF34000F2007 /* PhotoManagement */,
				9258F46E1E24CF34000F2007 /* Products */,
			);
			sourceTree = "<group>";
		};
		9258F46E1E24CF34000F2007 /* Products */ = {
			isa = PBXGroup;
			children = (
				9258F46D1E24CF34000F2007 /* PhotoManagement.app */,
			);
			name = Products;
			sourceTree = "<group>";
		};
		9258F46F1E24CF34000F2007 /* PhotoManagement */ = {
			isa = PBXGroup;
			children = (
				929342041E8E3E5200ED6378 /* Assets */,
				929341D71E8E3DD800ED6378 /* Classes */,
				9258F4731E24CF34000F2007 /* AppDelegate.h */,
				9258F4741E24CF34000F2007 /* AppDelegate.m */,
				9258F4761E24CF34000F2007 /* ViewController.h */,
				9258F4771E24CF34000F2007 /* ViewController.m */,
				9258F47C1E24CF34000F2007 /* Assets.xcassets */,
				9258F47E1E24CF34000F2007 /* LaunchScreen.storyboard */,
				9258F4811E24CF34000F2007 /* Info.plist */,
				9258F4701E24CF34000F2007 /* Supporting Files */,
			);
			path = PhotoManagement;
			sourceTree = "<group>";
		};
		9258F4701E24CF34000F2007 /* Supporting Files */ = {
			isa = PBXGroup;
			children = (
				9258F4711E24CF34000F2007 /* main.m */,
				9258F4871E24D4E5000F2007 /* PrefixHeader.pch */,
			);
			name = "Supporting Files";
			sourceTree = "<group>";
		};
		929341D71E8E3DD800ED6378 /* Classes */ = {
			isa = PBXGroup;
			children = (
				929341D81E8E3DD800ED6378 /* Common */,
				929341DF1E8E3DD800ED6378 /* ImagePickerController */,
			);
			path = Classes;
			sourceTree = "<group>";
		};
		929341D81E8E3DD800ED6378 /* Common */ = {
			isa = PBXGroup;
			children = (
				929341D91E8E3DD800ED6378 /* OMABaseViewController.h */,
				929341DA1E8E3DD800ED6378 /* OMABaseViewController.m */,
				929341DB1E8E3DD800ED6378 /* TJLPhotoManageTypes.h */,
				929341DC1E8E3DD800ED6378 /* TJLPhotoManageTypes.m */,
				929341DD1E8E3DD800ED6378 /* UIColor+Hex.h */,
				929341DE1E8E3DD800ED6378 /* UIColor+Hex.m */,
			);
			path = Common;
			sourceTree = "<group>";
		};
		929341DF1E8E3DD800ED6378 /* ImagePickerController */ = {
			isa = PBXGroup;
			children = (
				929341E01E8E3DD800ED6378 /* TJLActionSheet.bundle */,
				929341E11E8E3DD800ED6378 /* TJLActionSheet.h */,
				929341E21E8E3DD800ED6378 /* TJLActionSheet.m */,
				929341E31E8E3DD800ED6378 /* TJLAlbumCell.h */,
				929341E41E8E3DD800ED6378 /* TJLAlbumCell.m */,
				929341E51E8E3DD800ED6378 /* TJLAlbumCell.xib */,
				929341E61E8E3DD800ED6378 /* TJLAlbumsViewController.h */,
				929341E71E8E3DD800ED6378 /* TJLAlbumsViewController.m */,
				929341E81E8E3DD800ED6378 /* TJLBottomEditView.h */,
				929341E91E8E3DD800ED6378 /* TJLBottomEditView.m */,
				929341EA1E8E3DD800ED6378 /* TJLCameraViewController.h */,
				929341EB1E8E3DD800ED6378 /* TJLCameraViewController.m */,
				929341EC1E8E3DD800ED6378 /* TJLGridCollectionCell.h */,
				929341ED1E8E3DD800ED6378 /* TJLGridCollectionCell.m */,
				929341EE1E8E3DD800ED6378 /* TJLGridCollectionCell.xib */,
				929341EF1E8E3DD800ED6378 /* TJLGridViewController.h */,
				929341F01E8E3DD800ED6378 /* TJLGridViewController.m */,
				929341F11E8E3DD800ED6378 /* TJLImagePickerController.h */,
				929341F21E8E3DD800ED6378 /* TJLImagePickerController.m */,
				929341F31E8E3DD800ED6378 /* TJLPreviewViewController.h */,
				929341F41E8E3DD800ED6378 /* TJLPreviewViewController.m */,
			);
			path = ImagePickerController;
			sourceTree = "<group>";
		};
		929342041E8E3E5200ED6378 /* Assets */ = {
			isa = PBXGroup;
			children = (
				929342051E8E3E5200ED6378 /* ass.bundle */,
			);
			path = Assets;
			sourceTree = "<group>";
		};
/* End PBXGroup section */

/* Begin PBXNativeTarget section */
		9258F46C1E24CF34000F2007 /* PhotoManagement */ = {
			isa = PBXNativeTarget;
			buildConfigurationList = 9258F4841E24CF34000F2007 /* Build configuration list for PBXNativeTarget "PhotoManagement" */;
			buildPhases = (
				9258F4691E24CF34000F2007 /* Sources */,
				9258F46A1E24CF34000F2007 /* Frameworks */,
				9258F46B1E24CF34000F2007 /* Resources */,
			);
			buildRules = (
			);
			dependencies = (
			);
			name = PhotoManagement;
			productName = PhotoManagement;
			productReference = 9258F46D1E24CF34000F2007 /* PhotoManagement.app */;
			productType = "com.apple.product-type.application";
		};
/* End PBXNativeTarget section */

/* Begin PBXProject section */
		9258F4651E24CF34000F2007 /* Project object */ = {
			isa = PBXProject;
			attributes = {
				LastUpgradeCheck = 0820;
				ORGANIZATIONNAME = com.oma.matec;
				TargetAttributes = {
					9258F46C1E24CF34000F2007 = {
						CreatedOnToolsVersion = 8.1;
						DevelopmentTeam = Q47FFAHNF9;
						ProvisioningStyle = Automatic;
					};
				};
			};
			buildConfigurationList = 9258F4681E24CF34000F2007 /* Build configuration list for PBXProject "PhotoManagement" */;
			compatibilityVersion = "Xcode 3.2";
			developmentRegion = English;
			hasScannedForEncodings = 0;
			knownRegions = (
				en,
				Base,
			);
			mainGroup = 9258F4641E24CF34000F2007;
			productRefGroup = 9258F46E1E24CF34000F2007 /* Products */;
			projectDirPath = "";
			projectRoot = "";
			targets = (
				9258F46C1E24CF34000F2007 /* PhotoManagement */,
			);
		};
/* End PBXProject section */

/* Begin PBXResourcesBuildPhase section */
		9258F46B1E24CF34000F2007 /* Resources */ = {
			isa = PBXResourcesBuildPhase;
			buildActionMask = 2147483647;
			files = (
				929341FB1E8E3DD800ED6378 /* TJLAlbumCell.xib in Resources */,
				929342061E8E3E5200ED6378 /* ass.bundle in Resources */,
				9258F4801E24CF34000F2007 /* LaunchScreen.storyboard in Resources */,
				9258F47D1E24CF34000F2007 /* Assets.xcassets in Resources */,
				929341F81E8E3DD800ED6378 /* TJLActionSheet.bundle in Resources */,
				929342001E8E3DD800ED6378 /* TJLGridCollectionCell.xib in Resources */,
				929341D61E8E3D0000ED6378 /* PhotoManagement.podspec in Resources */,
			);
			runOnlyForDeploymentPostprocessing = 0;
		};
/* End PBXResourcesBuildPhase section */

/* Begin PBXSourcesBuildPhase section */
		9258F4691E24CF34000F2007 /* Sources */ = {
			isa = PBXSourcesBuildPhase;
			buildActionMask = 2147483647;
			files = (
				929342031E8E3DD800ED6378 /* TJLPreviewViewController.m in Sources */,
				9258F4781E24CF34000F2007 /* ViewController.m in Sources */,
				929341F91E8E3DD800ED6378 /* TJLActionSheet.m in Sources */,
				929342021E8E3DD800ED6378 /* TJLImagePickerController.m in Sources */,
				929341FF1E8E3DD800ED6378 /* TJLGridCollectionCell.m in Sources */,
				929341FD1E8E3DD800ED6378 /* TJLBottomEditView.m in Sources */,
				929341F71E8E3DD800ED6378 /* UIColor+Hex.m in Sources */,
				929341F51E8E3DD800ED6378 /* OMABaseViewController.m in Sources */,
				929341FA1E8E3DD800ED6378 /* TJLAlbumCell.m in Sources */,
				929341FC1E8E3DD800ED6378 /* TJLAlbumsViewController.m in Sources */,
				929341F61E8E3DD800ED6378 /* TJLPhotoManageTypes.m in Sources */,
				929341FE1E8E3DD800ED6378 /* TJLCameraViewController.m in Sources */,
				929342011E8E3DD800ED6378 /* TJLGridViewController.m in Sources */,
				9258F4751E24CF34000F2007 /* AppDelegate.m in Sources */,
				9258F4721E24CF34000F2007 /* main.m in Sources */,
			);
			runOnlyForDeploymentPostprocessing = 0;
		};
/* End PBXSourcesBuildPhase section */

/* Begin PBXVariantGroup section */
		9258F47E1E24CF34000F2007 /* LaunchScreen.storyboard */ = {
			isa = PBXVariantGroup;
			children = (
				9258F47F1E24CF34000F2007 /* Base */,
			);
			name = LaunchScreen.storyboard;
			sourceTree = "<group>";
		};
/* End PBXVariantGroup section */

/* Begin XCBuildConfiguration section */
		9258F4821E24CF34000F2007 /* Debug */ = {
			isa = XCBuildConfiguration;
			buildSettings = {
				ALWAYS_SEARCH_USER_PATHS = NO;
				CLANG_ANALYZER_NONNULL = YES;
				CLANG_CXX_LANGUAGE_STANDARD = "gnu++0x";
				CLANG_CXX_LIBRARY = "libc++";
				CLANG_ENABLE_MODULES = YES;
				CLANG_ENABLE_OBJC_ARC = YES;
				CLANG_WARN_BOOL_CONVERSION = YES;
				CLANG_WARN_CONSTANT_CONVERSION = YES;
				CLANG_WARN_DIRECT_OBJC_ISA_USAGE = YES_ERROR;
				CLANG_WARN_DOCUMENTATION_COMMENTS = YES;
				CLANG_WARN_EMPTY_BODY = YES;
				CLANG_WARN_ENUM_CONVERSION = YES;
				CLANG_WARN_INFINITE_RECURSION = YES;
				CLANG_WARN_INT_CONVERSION = YES;
				CLANG_WARN_OBJC_ROOT_CLASS = YES_ERROR;
				CLANG_WARN_SUSPICIOUS_MOVE = YES;
				CLANG_WARN_SUSPICIOUS_MOVES = YES;
				CLANG_WARN_UNREACHABLE_CODE = YES;
				CLANG_WARN__DUPLICATE_METHOD_MATCH = YES;
				"CODE_SIGN_IDENTITY[sdk=iphoneos*]" = "iPhone Developer";
				COPY_PHASE_STRIP = NO;
				DEBUG_INFORMATION_FORMAT = dwarf;
				ENABLE_STRICT_OBJC_MSGSEND = YES;
				ENABLE_TESTABILITY = YES;
				GCC_C_LANGUAGE_STANDARD = gnu99;
				GCC_DYNAMIC_NO_PIC = NO;
				GCC_NO_COMMON_BLOCKS = YES;
				GCC_OPTIMIZATION_LEVEL = 0;
				GCC_PREFIX_HEADER = PhotoManagement/PrefixHeader.pch;
				GCC_PREPROCESSOR_DEFINITIONS = (
					"DEBUG=1",
					"$(inherited)",
				);
				GCC_WARN_64_TO_32_BIT_CONVERSION = YES;
				GCC_WARN_ABOUT_RETURN_TYPE = YES_ERROR;
				GCC_WARN_UNDECLARED_SELECTOR = YES;
				GCC_WARN_UNINITIALIZED_AUTOS = YES_AGGRESSIVE;
				GCC_WARN_UNUSED_FUNCTION = YES;
				GCC_WARN_UNUSED_VARIABLE = YES;
				IPHONEOS_DEPLOYMENT_TARGET = 9.0;
				MTL_ENABLE_DEBUG_INFO = YES;
				ONLY_ACTIVE_ARCH = YES;
				SDKROOT = iphoneos;
			};
			name = Debug;
		};
		9258F4831E24CF34000F2007 /* Release */ = {
			isa = XCBuildConfiguration;
			buildSettings = {
				ALWAYS_SEARCH_USER_PATHS = NO;
				CLANG_ANALYZER_NONNULL = YES;
				CLANG_CXX_LANGUAGE_STANDARD = "gnu++0x";
				CLANG_CXX_LIBRARY = "libc++";
				CLANG_ENABLE_MODULES = YES;
				CLANG_ENABLE_OBJC_ARC = YES;
				CLANG_WARN_BOOL_CONVERSION = YES;
				CLANG_WARN_CONSTANT_CONVERSION = YES;
				CLANG_WARN_DIRECT_OBJC_ISA_USAGE = YES_ERROR;
				CLANG_WARN_DOCUMENTATION_COMMENTS = YES;
				CLANG_WARN_EMPTY_BODY = YES;
				CLANG_WARN_ENUM_CONVERSION = YES;
				CLANG_WARN_INFINITE_RECURSION = YES;
				CLANG_WARN_INT_CONVERSION = YES;
				CLANG_WARN_OBJC_ROOT_CLASS = YES_ERROR;
				CLANG_WARN_SUSPICIOUS_MOVE = YES;
				CLANG_WARN_SUSPICIOUS_MOVES = YES;
				CLANG_WARN_UNREACHABLE_CODE = YES;
				CLANG_WARN__DUPLICATE_METHOD_MATCH = YES;
				"CODE_SIGN_IDENTITY[sdk=iphoneos*]" = "iPhone Developer";
				COPY_PHASE_STRIP = NO;
				DEBUG_INFORMATION_FORMAT = "dwarf-with-dsym";
				ENABLE_NS_ASSERTIONS = NO;
				ENABLE_STRICT_OBJC_MSGSEND = YES;
				GCC_C_LANGUAGE_STANDARD = gnu99;
				GCC_NO_COMMON_BLOCKS = YES;
				GCC_PREFIX_HEADER = PhotoManagement/PrefixHeader.pch;
				GCC_WARN_64_TO_32_BIT_CONVERSION = YES;
				GCC_WARN_ABOUT_RETURN_TYPE = YES_ERROR;
				GCC_WARN_UNDECLARED_SELECTOR = YES;
				GCC_WARN_UNINITIALIZED_AUTOS = YES_AGGRESSIVE;
				GCC_WARN_UNUSED_FUNCTION = YES;
				GCC_WARN_UNUSED_VARIABLE = YES;
				IPHONEOS_DEPLOYMENT_TARGET = 9.0;
				MTL_ENABLE_DEBUG_INFO = NO;
				SDKROOT = iphoneos;
				VALIDATE_PRODUCT = YES;
			};
			name = Release;
		};
		9258F4851E24CF34000F2007 /* Debug */ = {
			isa = XCBuildConfiguration;
			buildSettings = {
				ASSETCATALOG_COMPILER_APPICON_NAME = AppIcon;
				DEVELOPMENT_TEAM = Q47FFAHNF9;
				INFOPLIST_FILE = PhotoManagement/Info.plist;
				IPHONEOS_DEPLOYMENT_TARGET = 8.0;
				LD_RUNPATH_SEARCH_PATHS = "$(inherited) @executable_path/Frameworks";
				PRODUCT_BUNDLE_IDENTIFIER = com.oma.lab.PhotoManagement;
				PRODUCT_NAME = "$(TARGET_NAME)";
			};
			name = Debug;
		};
		9258F4861E24CF34000F2007 /* Release */ = {
			isa = XCBuildConfiguration;
			buildSettings = {
				ASSETCATALOG_COMPILER_APPICON_NAME = AppIcon;
				DEVELOPMENT_TEAM = Q47FFAHNF9;
				INFOPLIST_FILE = PhotoManagement/Info.plist;
				IPHONEOS_DEPLOYMENT_TARGET = 8.0;
				LD_RUNPATH_SEARCH_PATHS = "$(inherited) @executable_path/Frameworks";
				PRODUCT_BUNDLE_IDENTIFIER = com.oma.lab.PhotoManagement;
				PRODUCT_NAME = "$(TARGET_NAME)";
			};
			name = Release;
		};
/* End XCBuildConfiguration section */

/* Begin XCConfigurationList section */
		9258F4681E24CF34000F2007 /* Build configuration list for PBXProject "PhotoManagement" */ = {
			isa = XCConfigurationList;
			buildConfigurations = (
				9258F4821E24CF34000F2007 /* Debug */,
				9258F4831E24CF34000F2007 /* Release */,
			);
			defaultConfigurationIsVisible = 0;
			defaultConfigurationName = Release;
		};
		9258F4841E24CF34000F2007 /* Build configuration list for PBXNativeTarget "PhotoManagement" */ = {
			isa = XCConfigurationList;
			buildConfigurations = (
				9258F4851E24CF34000F2007 /* Debug */,
				9258F4861E24CF34000F2007 /* Release */,
			);
			defaultConfigurationIsVisible = 0;
			defaultConfigurationName = Release;
		};
/* End XCConfigurationList section */
	};
	rootObject = 9258F4651E24CF34000F2007 /* Project object */;
}
